# THIS IS AN AUTOGENERATED FILE. DO NOT EDIT THIS FILE DIRECTLY.
# yarn lockfile v1
"@watchup/hapi-mongoose":
  version "0.6.4"
  resolved "https://registry.yarnpkg.com/@watchup/hapi-mongoose/-/hapi-mongoose-0.6.4.tgz#a9383d924156a8e287d1e73d89c4f64ca392729a"
  dependencies:
    async "1.3.0"
    boom "2.8.0"
    hapi "8.6.1"
    lodash "3.9.3"
    mongoose "4.0.6"
    path "0.11.14"
    promise "7.0.3"

accept@1.x.x:
  version "1.1.0"
  resolved "https://registry.yarnpkg.com/accept/-/accept-1.1.0.tgz#c7b5567c99ade4ac7c937f2a9bc1c566160a30b5"
  dependencies:
    boom "2.x.x"
    hoek "2.x.x"

accept@2.x.x:
  version "2.1.3"
  resolved "https://registry.yarnpkg.com/accept/-/accept-2.1.3.tgz#ab0f5bda4c449bbe926aea607b3522562f5acf86"
  dependencies:
    boom "4.x.x"
    hoek "4.x.x"

ammo@1.x.x:
  version "1.0.1"
  resolved "https://registry.yarnpkg.com/ammo/-/ammo-1.0.1.tgz#8f8add14cd49bdede3bab3a3e0ebcaf21d03de8b"
  dependencies:
    boom "2.x.x"
    hoek "2.x.x"

ammo@2.x.x:
  version "2.0.2"
  resolved "https://registry.yarnpkg.com/ammo/-/ammo-2.0.2.tgz#366c55f7bc4f2f24218ed3a4dd4b8df135c2e6ca"
  dependencies:
    boom "3.x.x"
    hoek "4.x.x"

asap@~2.0.3:
  version "2.0.5"
  resolved "https://registry.yarnpkg.com/asap/-/asap-2.0.5.tgz#522765b50c3510490e52d7dcfe085ef9ba96958f"

async@0.9.0:
  version "0.9.0"
  resolved "https://registry.yarnpkg.com/async/-/async-0.9.0.tgz#ac3613b1da9bed1b47510bb4651b8931e47146c7"

async@1.3.0:
  version "1.3.0"
  resolved "https://registry.yarnpkg.com/async/-/async-1.3.0.tgz#a6f1631e8a595a663496d0a5586bd12007d4871d"

b64@2.x.x:
  version "2.0.1"
  resolved "https://registry.yarnpkg.com/b64/-/b64-2.0.1.tgz#d08c10719719ff1fe1b532ae49269409ce149ce9"
  dependencies:
    hoek "2.x.x"

b64@3.x.x:
  version "3.0.2"
  resolved "https://registry.yarnpkg.com/b64/-/b64-3.0.2.tgz#7a9d60466adf7b8de114cbdf651a5fdfcc90894d"

bindings@^1.2.1:
  version "1.2.1"
  resolved "https://registry.yarnpkg.com/bindings/-/bindings-1.2.1.tgz#14ad6113812d2d37d72e67b4cacb4bb726505f11"

bluebird@2.9.26:
  version "2.9.26"
  resolved "https://registry.yarnpkg.com/bluebird/-/bluebird-2.9.26.tgz#362772ea4d09f556a4b9f3b64c2fd136e87e3a55"

boom, boom@4.x.x:
  version "4.2.0"
  resolved "https://registry.yarnpkg.com/boom/-/boom-4.2.0.tgz#c1a74174b11fbba223f6162d4fd8851a1b82a536"
  dependencies:
    hoek "4.x.x"

boom@^2.5.x, boom@2.x.x:
  version "2.10.1"
  resolved "https://registry.yarnpkg.com/boom/-/boom-2.10.1.tgz#39c8918ceff5799f83f9492a848f625add0c766f"
  dependencies:
    hoek "2.x.x"

boom@2.8.0:
  version "2.8.0"
  resolved "https://registry.yarnpkg.com/boom/-/boom-2.8.0.tgz#317bdfd47018fe7dd79b0e9da73efe244119fdf1"
  dependencies:
    hoek "2.x.x"

boom@3.x.x:
  version "3.2.2"
  resolved "https://registry.yarnpkg.com/boom/-/boom-3.2.2.tgz#0f0cc5d04adc5003b8c7d71f42cca7271fef0e78"
  dependencies:
    hoek "4.x.x"

bson-ext@~0.1:
  version "0.1.13"
  resolved "https://registry.yarnpkg.com/bson-ext/-/bson-ext-0.1.13.tgz#4a48d3091a21e7d5b4e59bbbb54b91279677f8b3"
  dependencies:
    bindings "^1.2.1"
    nan "~2.0.9"

bson@~0.3:
  version "0.3.2"
  resolved "https://registry.yarnpkg.com/bson/-/bson-0.3.2.tgz#56753c5e8d86d0f45744b93a9693e4f60a8bbd6c"
  optionalDependencies:
    bson-ext "~0.1"

bson@~0.4:
  version "0.4.23"
  resolved "https://registry.yarnpkg.com/bson/-/bson-0.4.23.tgz#e65a2e3c7507ffade4109bc7575a76e50f8da915"

bson@~0.5.6:
  version "0.5.6"
  resolved "https://registry.yarnpkg.com/bson/-/bson-0.5.6.tgz#e03de80a692c28fca4396f0d14c97069bd2b73a6"

buffer-shims@^1.0.0:
  version "1.0.0"
  resolved "https://registry.yarnpkg.com/buffer-shims/-/buffer-shims-1.0.0.tgz#9978ce317388c649ad8793028c3477ef044a8b51"

call@2.x.x:
  version "2.0.2"
  resolved "https://registry.yarnpkg.com/call/-/call-2.0.2.tgz#9c9831abd0769486fdee83a41149b829b32d06c0"
  dependencies:
    boom "2.x.x"
    hoek "2.x.x"

call@3.x.x:
  version "3.0.3"
  resolved "https://registry.yarnpkg.com/call/-/call-3.0.3.tgz#e4748ddbbb7f41ae40cee055f8b270b733bf7c8d"
  dependencies:
    boom "3.x.x"
    hoek "4.x.x"

catbox-memory@1.x.x:
  version "1.1.2"
  resolved "https://registry.yarnpkg.com/catbox-memory/-/catbox-memory-1.1.2.tgz#33c9183a32b31945ee8a484d0e3c3cbb82eaec1a"
  dependencies:
    hoek "2.x.x"

catbox-memory@2.x.x:
  version "2.0.4"
  resolved "https://registry.yarnpkg.com/catbox-memory/-/catbox-memory-2.0.4.tgz#433e255902caf54233d1286429c8f4df14e822d5"
  dependencies:
    hoek "4.x.x"

catbox@^4.2.x:
  version "4.3.0"
  resolved "https://registry.yarnpkg.com/catbox/-/catbox-4.3.0.tgz#222377bd67f1291ac0e25d00002d065a9df7f39a"
  dependencies:
    boom "2.x.x"
    hoek "2.x.x"
    joi "6.x.x"

catbox@7.x.x:
  version "7.1.2"
  resolved "https://registry.yarnpkg.com/catbox/-/catbox-7.1.2.tgz#46721b1c99967513fd7b7e9451706a05edfed5ad"
  dependencies:
    boom "3.x.x"
    hoek "4.x.x"
    joi "9.x.x"

content@1.x.x:
  version "1.0.2"
  resolved "https://registry.yarnpkg.com/content/-/content-1.0.2.tgz#cb7edf32afef17c48acfdbd21ff98c23315ae824"
  dependencies:
    boom "2.x.x"
    hoek "2.x.x"

content@3.x.x:
  version "3.0.3"
  resolved "https://registry.yarnpkg.com/content/-/content-3.0.3.tgz#000f8a01371b95c66afe99be9390fa6cb91aa87a"
  dependencies:
    boom "4.x.x"

core-util-is@~1.0.0:
  version "1.0.2"
  resolved "https://registry.yarnpkg.com/core-util-is/-/core-util-is-1.0.2.tgz#b5fd54220aa2bc5ab57aab7140c940754503c1a7"

cryptiles@2.x.x:
  version "2.0.5"
  resolved "https://registry.yarnpkg.com/cryptiles/-/cryptiles-2.0.5.tgz#3bdfecdc608147c1c67202fa291e7dca59eaa3b8"
  dependencies:
    boom "2.x.x"

cryptiles@3.x.x:
  version "3.1.1"
  resolved "https://registry.yarnpkg.com/cryptiles/-/cryptiles-3.1.1.tgz#86a9203f7367a0e9324bc7555ff0fcf5f81979ee"
  dependencies:
    boom "4.x.x"

debug@2.2.0:
  version "2.2.0"
  resolved "https://registry.yarnpkg.com/debug/-/debug-2.2.0.tgz#f87057e995b1a1f6ae6a4960664137bc56f039da"
  dependencies:
    ms "0.7.1"

each-series@^1.0.0:
  version "1.0.0"
  resolved "https://registry.yarnpkg.com/each-series/-/each-series-1.0.0.tgz#f886e6c66dfdb25ef1fe73564146ee5cb478afcb"

es6-promise@3.2.1:
  version "3.2.1"
  resolved "https://registry.yarnpkg.com/es6-promise/-/es6-promise-3.2.1.tgz#ec56233868032909207170c39448e24449dd1fc4"

h2o2@4.x.x:
  version "4.0.2"
  resolved "https://registry.yarnpkg.com/h2o2/-/h2o2-4.0.2.tgz#87cb960dc0f5b495964fa928253e6cf13ba22486"
  dependencies:
    boom "2.x.x"
    hoek "2.x.x"
    joi "6.x.x"
    wreck "6.x.x"

hapi:
  version "15.2.0"
  resolved "https://registry.yarnpkg.com/hapi/-/hapi-15.2.0.tgz#5704ca2c04b6386c03caf9ee901f1de080316d23"
  dependencies:
    accept "2.x.x"
    ammo "2.x.x"
    boom "4.x.x"
    call "3.x.x"
    catbox "7.x.x"
    catbox-memory "2.x.x"
    cryptiles "3.x.x"
    heavy "4.x.x"
    hoek "4.x.x"
    iron "4.x.x"
    items "2.x.x"
    joi "9.x.x"
    mimos "3.x.x"
    podium "^1.2.x"
    shot "3.x.x"
    statehood "5.x.x"
    subtext "^4.3.x"
    topo "2.x.x"

hapi@8.6.1:
  version "8.6.1"
  resolved "https://registry.yarnpkg.com/hapi/-/hapi-8.6.1.tgz#3ba7e245f79a5d54eea3ff5f70e32e86a4f2bc4d"
  dependencies:
    accept "1.x.x"
    ammo "1.x.x"
    boom "^2.5.x"
    call "2.x.x"
    catbox "^4.2.x"
    catbox-memory "1.x.x"
    cryptiles "2.x.x"
    h2o2 "4.x.x"
    heavy "3.x.x"
    hoek "^2.14.x"
    inert "2.x.x"
    iron "2.x.x"
    items "1.x.x"
    joi "6.x.x"
    kilt "^1.1.x"
    mimos "2.x.x"
    peekaboo "1.x.x"
    qs "2.x.x"
    shot "1.x.x"
    statehood "2.x.x"
    subtext "1.x.x"
    topo "1.x.x"
    vision "2.x.x"

heavy@3.x.x:
  version "3.0.1"
  resolved "https://registry.yarnpkg.com/heavy/-/heavy-3.0.1.tgz#f2867e6e3515bf83ab1a8bb1e73e5d28e85ab3cd"
  dependencies:
    boom "2.x.x"
    hoek "2.x.x"
    joi "6.x.x"

heavy@4.x.x:
  version "4.0.2"
  resolved "https://registry.yarnpkg.com/heavy/-/heavy-4.0.2.tgz#dbb66cda5f017a594fc6c8301df6999ea8d533f0"
  dependencies:
    boom "3.x.x"
    hoek "4.x.x"
    joi "9.x.x"

hoek@^2.14.x, hoek@^2.9.x, hoek@2.x.x:
  version "2.16.3"
  resolved "https://registry.yarnpkg.com/hoek/-/hoek-2.16.3.tgz#20bb7403d3cea398e91dc4710a8ff1b8274a25ed"

hoek@4.x.x:
  version "4.1.0"
  resolved "https://registry.yarnpkg.com/hoek/-/hoek-4.1.0.tgz#4a4557460f69842ed463aa00628cc26d2683afa7"

hooks-fixed@1.0.1:
  version "1.0.1"
  resolved "https://registry.yarnpkg.com/hooks-fixed/-/hooks-fixed-1.0.1.tgz#f1f6694a62317fb36c11ffb067708a15947e6f9e"

inert@2.x.x:
  version "2.1.6"
  resolved "https://registry.yarnpkg.com/inert/-/inert-2.1.6.tgz#8f1d74bfeca59a098bd3ee0dc17b648b7ef1e3da"
  dependencies:
    ammo "1.x.x"
    boom "2.x.x"
    hoek "2.x.x"
    items "1.x.x"
    joi "6.x.x"
    lru-cache "2.6.x"

inherits@~2.0.1:
  version "2.0.3"
  resolved "https://registry.yarnpkg.com/inherits/-/inherits-2.0.3.tgz#633c2c83e3da42a502f52466022480f4208261de"

iron@2.x.x:
  version "2.1.3"
  resolved "https://registry.yarnpkg.com/iron/-/iron-2.1.3.tgz#71b8f357d806aae03a90a745b9aaaffec7e2dde4"
  dependencies:
    boom "2.x.x"
    cryptiles "2.x.x"
    hoek "2.x.x"

iron@4.x.x:
  version "4.0.4"
  resolved "https://registry.yarnpkg.com/iron/-/iron-4.0.4.tgz#c1f8cc4c91454194ab8920d9247ba882e528061a"
  dependencies:
    boom "4.x.x"
    cryptiles "3.x.x"
    hoek "4.x.x"

isarray@~1.0.0:
  version "1.0.0"
  resolved "https://registry.yarnpkg.com/isarray/-/isarray-1.0.0.tgz#bb935d48582cba168c06834957a54a3e07124f11"

isarray@0.0.1:
  version "0.0.1"
  resolved "https://registry.yarnpkg.com/isarray/-/isarray-0.0.1.tgz#8a18acfca9a8f4177e09abfc6038939b05d1eedf"

isemail@1.x.x:
  version "1.2.0"
  resolved "https://registry.yarnpkg.com/isemail/-/isemail-1.2.0.tgz#be03df8cc3e29de4d2c5df6501263f1fa4595e9a"

isemail@2.x.x:
  version "2.2.1"
  resolved "https://registry.yarnpkg.com/isemail/-/isemail-2.2.1.tgz#0353d3d9a62951080c262c2aa0a42b8ea8e9e2a6"

items@^1.1.x, items@1.x.x:
  version "1.1.1"
  resolved "https://registry.yarnpkg.com/items/-/items-1.1.1.tgz#435b5dd21bca28b3cfd25bb5c6b278b715010fd9"

items@2.x.x:
  version "2.1.1"
  resolved "https://registry.yarnpkg.com/items/-/items-2.1.1.tgz#8bd16d9c83b19529de5aea321acaada78364a198"

joi, joi@9.x.x:
  version "9.2.0"
  resolved "https://registry.yarnpkg.com/joi/-/joi-9.2.0.tgz#3385ac790192130cbe230e802ec02c9215bbfeda"
  dependencies:
    hoek "4.x.x"
    isemail "2.x.x"
    items "2.x.x"
    moment "2.x.x"
    topo "2.x.x"

joi@6.x.x:
  version "6.10.1"
  resolved "https://registry.yarnpkg.com/joi/-/joi-6.10.1.tgz#4d50c318079122000fe5f16af1ff8e1917b77e06"
  dependencies:
    hoek "2.x.x"
    isemail "1.x.x"
    moment "2.x.x"
    topo "1.x.x"

kareem@1.0.1:
  version "1.0.1"
  resolved "https://registry.yarnpkg.com/kareem/-/kareem-1.0.1.tgz#7805d215bb53214ec3af969a1d0b1f17e3e7b95c"

kerberos@~0.0:
  version "0.0.22"
  resolved "https://registry.yarnpkg.com/kerberos/-/kerberos-0.0.22.tgz#d084b7f909c2393c464917557aa5a85e834fdfce"
  dependencies:
    nan "~2.4"

kilt@^1.1.x:
  version "1.1.1"
  resolved "https://registry.yarnpkg.com/kilt/-/kilt-1.1.1.tgz#77b4a6163ca7fa5b2137a88c17334216ec23d5db"
  dependencies:
    hoek "2.x.x"

lodash@3.9.3:
  version "3.9.3"
  resolved "https://registry.yarnpkg.com/lodash/-/lodash-3.9.3.tgz#0159e86832feffc6d61d852b12a953b99496bd32"

lru-cache@2.6.x:
  version "2.6.5"
  resolved "https://registry.yarnpkg.com/lru-cache/-/lru-cache-2.6.5.tgz#e56d6354148ede8d7707b58d143220fd08df0fd5"

mime-db@1.x.x:
  version "1.25.0"
  resolved "https://registry.yarnpkg.com/mime-db/-/mime-db-1.25.0.tgz#c18dbd7c73a5dbf6f44a024dc0d165a1e7b1c392"

mimos@2.x.x:
  version "2.0.2"
  resolved "https://registry.yarnpkg.com/mimos/-/mimos-2.0.2.tgz#c3241717e75b95992be787ac7dd6db1a9b539b1e"
  dependencies:
    hoek "2.x.x"
    mime-db "1.x.x"

mimos@3.x.x:
  version "3.0.3"
  resolved "https://registry.yarnpkg.com/mimos/-/mimos-3.0.3.tgz#b9109072ad378c2b72f6a0101c43ddfb2b36641f"
  dependencies:
    hoek "4.x.x"
    mime-db "1.x.x"

moment@2.x.x:
  version "2.16.0"
  resolved "https://registry.yarnpkg.com/moment/-/moment-2.16.0.tgz#f38f2c97c9889b0ee18fc6cc392e1e443ad2da8e"

mongodb-core@1.2.0:
  version "1.2.0"
  resolved "https://registry.yarnpkg.com/mongodb-core/-/mongodb-core-1.2.0.tgz#48408d2a346110b28184b107717322a3622dc4ae"
  dependencies:
    bson "~0.4"
  optionalDependencies:
    kerberos "~0.0"

mongodb-core@2.0.13:
  version "2.0.13"
  resolved "https://registry.yarnpkg.com/mongodb-core/-/mongodb-core-2.0.13.tgz#f9394b588dce0e579482e53d74dbc7d7a9d4519c"
  dependencies:
    bson "~0.5.6"
    require_optional "~1.0.0"

mongodb@^2.0.45:
  version "2.2.11"
  resolved "https://registry.yarnpkg.com/mongodb/-/mongodb-2.2.11.tgz#a828b036fe6a437a35e723af5f81781c4976306c"
  dependencies:
    es6-promise "3.2.1"
    mongodb-core "2.0.13"
    readable-stream "2.1.5"

mongodb@2.0.34:
  version "2.0.34"
  resolved "https://registry.yarnpkg.com/mongodb/-/mongodb-2.0.34.tgz#e45e8a82e017638a71557a3a23a75bdcdb590718"
  dependencies:
    mongodb-core "1.2.0"
    readable-stream "1.0.31"

mongojs:
  version "2.4.0"
  resolved "https://registry.yarnpkg.com/mongojs/-/mongojs-2.4.0.tgz#f287fbfd457fedf588b5a9011e68513d9dd32bfb"
  dependencies:
    each-series "^1.0.0"
    mongodb "^2.0.45"
    once "^1.3.2"
    parse-mongo-url "^1.1.0"
    readable-stream "^2.0.2"
    thunky "^0.1.0"
    to-mongodb-core "^2.0.0"
    xtend "^4.0.0"

mongoose@4.0.6:
  version "4.0.6"
  resolved "https://registry.yarnpkg.com/mongoose/-/mongoose-4.0.6.tgz#151203fecd1042a7787eb13214d0be85dfc55d94"
  dependencies:
    async "0.9.0"
    bson "~0.3"
    hooks-fixed "1.0.1"
    kareem "1.0.1"
    mongodb "2.0.34"
    mpath "0.1.1"
    mpromise "0.5.4"
    mquery "1.6.1"
    ms "0.1.0"
    muri "1.0.0"
    regexp-clone "0.0.1"
    sliced "0.0.5"

mpath@0.1.1:
  version "0.1.1"
  resolved "https://registry.yarnpkg.com/mpath/-/mpath-0.1.1.tgz#23da852b7c232ee097f4759d29c0ee9cd22d5e46"

mpromise@0.5.4:
  version "0.5.4"
  resolved "https://registry.yarnpkg.com/mpromise/-/mpromise-0.5.4.tgz#b610613ec6de37419f944b35f0783b4de9f5dc75"

mquery@1.6.1:
  version "1.6.1"
  resolved "https://registry.yarnpkg.com/mquery/-/mquery-1.6.1.tgz#d7a9ce28e6feecb8a49830f1fc6809d6a422d059"
  dependencies:
    bluebird "2.9.26"
    debug "2.2.0"
    regexp-clone "0.0.1"
    sliced "0.0.5"

ms@0.1.0:
  version "0.1.0"
  resolved "https://registry.yarnpkg.com/ms/-/ms-0.1.0.tgz#f21fac490daf1d7667fd180fe9077389cc9442b2"

ms@0.7.1:
  version "0.7.1"
  resolved "https://registry.yarnpkg.com/ms/-/ms-0.7.1.tgz#9cd13c03adbff25b65effde7ce864ee952017098"

muri@1.0.0:
  version "1.0.0"
  resolved "https://registry.yarnpkg.com/muri/-/muri-1.0.0.tgz#de3bf6bd71d67eae71d76689b950d2de118695c6"

nan@~2.0.9:
  version "2.0.9"
  resolved "https://registry.yarnpkg.com/nan/-/nan-2.0.9.tgz#d02a770f46778842cceb94e17cab31ffc7234a05"

nan@~2.4:
  version "2.4.0"
  resolved "https://registry.yarnpkg.com/nan/-/nan-2.4.0.tgz#fb3c59d45fe4effe215f0b890f8adf6eb32d2232"

nigel@1.x.x:
  version "1.0.1"
  resolved "https://registry.yarnpkg.com/nigel/-/nigel-1.0.1.tgz#463989af881278fbaa1d3cc93823dbd17b4360a1"
  dependencies:
    hoek "2.x.x"
    vise "1.x.x"

nigel@2.x.x:
  version "2.0.2"
  resolved "https://registry.yarnpkg.com/nigel/-/nigel-2.0.2.tgz#93a1866fb0c52d87390aa75e2b161f4b5c75e5b1"
  dependencies:
    hoek "4.x.x"
    vise "2.x.x"

node-uuid:
  version "1.4.7"
  resolved "https://registry.yarnpkg.com/node-uuid/-/node-uuid-1.4.7.tgz#6da5a17668c4b3dd59623bda11cf7fa4c1f60a6f"

once@^1.3.2:
  version "1.4.0"
  resolved "https://registry.yarnpkg.com/once/-/once-1.4.0.tgz#583b1aa775961d4b113ac17d9c50baef9dd76bd1"
  dependencies:
    wrappy "1"

parse-mongo-url@^1.1.0:
  version "1.1.1"
  resolved "https://registry.yarnpkg.com/parse-mongo-url/-/parse-mongo-url-1.1.1.tgz#66238df5f8e7c0c8ca4cd970d4ab6a1373eb75b5"

path@0.11.14:
  version "0.11.14"
  resolved "https://registry.yarnpkg.com/path/-/path-0.11.14.tgz#cbc7569355cb3c83afeb4ace43ecff95231e5a7d"

peekaboo@1.x.x:
  version "1.0.0"
  resolved "https://registry.yarnpkg.com/peekaboo/-/peekaboo-1.0.0.tgz#c0db2926ad654d2ca01f7ca650ab4591a764fc42"

pez@1.x.x:
  version "1.0.0"
  resolved "https://registry.yarnpkg.com/pez/-/pez-1.0.0.tgz#844318a5ce7092eeddffa295e18079ac779fa018"
  dependencies:
    b64 "2.x.x"
    boom "2.x.x"
    content "1.x.x"
    hoek "2.x.x"
    nigel "1.x.x"

pez@2.x.x:
  version "2.1.3"
  resolved "https://registry.yarnpkg.com/pez/-/pez-2.1.3.tgz#e53ebcbf48961b4aa1bb2b68cfd1eb20c9898039"
  dependencies:
    b64 "3.x.x"
    boom "4.x.x"
    content "3.x.x"
    hoek "4.x.x"
    nigel "2.x.x"

podium@^1.2.x:
  version "1.2.3"
  resolved "https://registry.yarnpkg.com/podium/-/podium-1.2.3.tgz#5c95b7cc2f5c87dd324e0ad4a9363ac62d66b371"
  dependencies:
    hoek "4.x.x"
    items "2.x.x"
    joi "9.x.x"

process-nextick-args@~1.0.6:
  version "1.0.7"
  resolved "https://registry.yarnpkg.com/process-nextick-args/-/process-nextick-args-1.0.7.tgz#150e20b756590ad3f91093f25a4f2ad8bff30ba3"

promise@7.0.3:
  version "7.0.3"
  resolved "https://registry.yarnpkg.com/promise/-/promise-7.0.3.tgz#1c467fdea4cbb2564357e6e90fcc9d559066d66f"
  dependencies:
    asap "~2.0.3"

qs@2.x.x:
  version "2.4.2"
  resolved "https://registry.yarnpkg.com/qs/-/qs-2.4.2.tgz#f7ce788e5777df0b5010da7f7c4e73ba32470f5a"

qs@4.x.x:
  version "4.0.0"
  resolved "https://registry.yarnpkg.com/qs/-/qs-4.0.0.tgz#c31d9b74ec27df75e543a86c78728ed8d4623607"

readable-stream@^2.0.2:
  version "2.2.2"
  resolved "https://registry.yarnpkg.com/readable-stream/-/readable-stream-2.2.2.tgz#a9e6fec3c7dda85f8bb1b3ba7028604556fc825e"
  dependencies:
    buffer-shims "^1.0.0"
    core-util-is "~1.0.0"
    inherits "~2.0.1"
    isarray "~1.0.0"
    process-nextick-args "~1.0.6"
    string_decoder "~0.10.x"
    util-deprecate "~1.0.1"

readable-stream@1.0.31:
  version "1.0.31"
  resolved "https://registry.yarnpkg.com/readable-stream/-/readable-stream-1.0.31.tgz#8f2502e0bc9e3b0da1b94520aabb4e2603ecafae"
  dependencies:
    core-util-is "~1.0.0"
    inherits "~2.0.1"
    isarray "0.0.1"
    string_decoder "~0.10.x"

readable-stream@2.1.5:
  version "2.1.5"
  resolved "https://registry.yarnpkg.com/readable-stream/-/readable-stream-2.1.5.tgz#66fa8b720e1438b364681f2ad1a63c618448c9d0"
  dependencies:
    buffer-shims "^1.0.0"
    core-util-is "~1.0.0"
    inherits "~2.0.1"
    isarray "~1.0.0"
    process-nextick-args "~1.0.6"
    string_decoder "~0.10.x"
    util-deprecate "~1.0.1"

regexp-clone@0.0.1:
  version "0.0.1"
  resolved "https://registry.yarnpkg.com/regexp-clone/-/regexp-clone-0.0.1.tgz#a7c2e09891fdbf38fbb10d376fb73003e68ac589"

require_optional@~1.0.0:
  version "1.0.0"
  resolved "https://registry.yarnpkg.com/require_optional/-/require_optional-1.0.0.tgz#52a86137a849728eb60a55533617f8f914f59abf"
  dependencies:
    resolve-from "^2.0.0"
    semver "^5.1.0"

resolve-from@^2.0.0:
  version "2.0.0"
  resolved "https://registry.yarnpkg.com/resolve-from/-/resolve-from-2.0.0.tgz#9480ab20e94ffa1d9e80a804c7ea147611966b57"

semver@^5.1.0:
  version "5.3.0"
  resolved "https://registry.yarnpkg.com/semver/-/semver-5.3.0.tgz#9b2ce5d3de02d17c6012ad326aa6b4d0cf54f94f"

shot@1.x.x:
  version "1.7.0"
  resolved "https://registry.yarnpkg.com/shot/-/shot-1.7.0.tgz#f2329d7ef33afcf03d44ce41abae8148ae170532"
  dependencies:
    hoek "2.x.x"

shot@3.x.x:
  version "3.3.2"
  resolved "https://registry.yarnpkg.com/shot/-/shot-3.3.2.tgz#691c2611759decc20487b20d25cc299f39e5f9b7"
  dependencies:
    hoek "4.x.x"
    joi "9.x.x"

sliced@0.0.5:
  version "0.0.5"
  resolved "https://registry.yarnpkg.com/sliced/-/sliced-0.0.5.tgz#5edc044ca4eb6f7816d50ba2fc63e25d8fe4707f"

statehood@2.x.x:
  version "2.1.1"
  resolved "https://registry.yarnpkg.com/statehood/-/statehood-2.1.1.tgz#01f170b66c5e925aaf679a9d322ba59186fc0009"
  dependencies:
    boom "2.x.x"
    cryptiles "2.x.x"
    hoek "2.x.x"
    iron "2.x.x"
    items "1.x.x"
    joi "6.x.x"

statehood@5.x.x:
  version "5.0.0"
  resolved "https://registry.yarnpkg.com/statehood/-/statehood-5.0.0.tgz#ce2285aabeae398ae87cbba746184b7599b8fa31"
  dependencies:
    boom "3.x.x"
    cryptiles "3.x.x"
    hoek "4.x.x"
    iron "4.x.x"
    items "2.x.x"
    joi "9.x.x"

string_decoder@~0.10.x:
  version "0.10.31"
  resolved "https://registry.yarnpkg.com/string_decoder/-/string_decoder-0.10.31.tgz#62e203bc41766c6c28c9fc84301dab1c5310fa94"

subtext@^4.3.x:
  version "4.3.0"
  resolved "https://registry.yarnpkg.com/subtext/-/subtext-4.3.0.tgz#dfac90492ec35669fd6e00c6e5d938b06d7ccfbb"
  dependencies:
    boom "4.x.x"
    content "3.x.x"
    hoek "4.x.x"
    pez "2.x.x"
    wreck "10.x.x"

subtext@1.x.x:
  version "1.1.1"
  resolved "https://registry.yarnpkg.com/subtext/-/subtext-1.1.1.tgz#0c91825ae65d517855593d831e33ef75a284156b"
  dependencies:
    boom "2.x.x"
    content "1.x.x"
    hoek "2.x.x"
    pez "1.x.x"
    qs "4.x.x"
    wreck "6.x.x"

thunky@^0.1.0:
  version "0.1.0"
  resolved "https://registry.yarnpkg.com/thunky/-/thunky-0.1.0.tgz#bf30146824e2b6e67b0f2d7a4ac8beb26908684e"

to-mongodb-core@^2.0.0:
  version "2.0.0"
  resolved "https://registry.yarnpkg.com/to-mongodb-core/-/to-mongodb-core-2.0.0.tgz#3596ec7613ac9ad3b98a89dcb9aefba569cd27eb"

topo@1.x.x:
  version "1.1.0"
  resolved "https://registry.yarnpkg.com/topo/-/topo-1.1.0.tgz#e9d751615d1bb87dc865db182fa1ca0a5ef536d5"
  dependencies:
    hoek "2.x.x"

topo@2.x.x:
  version "2.0.2"
  resolved "https://registry.yarnpkg.com/topo/-/topo-2.0.2.tgz#cd5615752539057c0dc0491a621c3bc6fbe1d182"
  dependencies:
    hoek "4.x.x"

util-deprecate@~1.0.1:
  version "1.0.2"
  resolved "https://registry.yarnpkg.com/util-deprecate/-/util-deprecate-1.0.2.tgz#450d4dc9fa70de732762fbd2d4a28981419a0ccf"

vise@1.x.x:
  version "1.0.0"
  resolved "https://registry.yarnpkg.com/vise/-/vise-1.0.0.tgz#28345be4de5a341e15fd2816fd9ea3e7303e8df3"
  dependencies:
    hoek "2.x.x"

vise@2.x.x:
  version "2.0.2"
  resolved "https://registry.yarnpkg.com/vise/-/vise-2.0.2.tgz#6b08e8fb4cb76e3a50cd6dd0ec37338e811a0d39"
  dependencies:
    hoek "4.x.x"

vision@2.x.x:
  version "2.0.1"
  resolved "https://registry.yarnpkg.com/vision/-/vision-2.0.1.tgz#d012255ba6ee426d0696a34e1df332fec55e673c"
  dependencies:
    boom "2.x.x"
    hoek "^2.9.x"
    items "^1.1.x"
    joi "6.x.x"

wrappy@1:
  version "1.0.2"
  resolved "https://registry.yarnpkg.com/wrappy/-/wrappy-1.0.2.tgz#b5243d8f3ec1aa35f1364605bc0d1036e30ab69f"

wreck@10.x.x:
  version "10.0.0"
  resolved "https://registry.yarnpkg.com/wreck/-/wreck-10.0.0.tgz#98ab882f85e16a526332507f101f5a7841162278"
  dependencies:
    boom "4.x.x"
    hoek "4.x.x"

wreck@6.x.x:
  version "6.3.0"
  resolved "https://registry.yarnpkg.com/wreck/-/wreck-6.3.0.tgz#a1369769f07bbb62d6a378336a7871fc773c740b"
  dependencies:
    boom "2.x.x"
    hoek "2.x.x"

xtend@^4.0.0:
  version "4.0.1"
  resolved "https://registry.yarnpkg.com/xtend/-/xtend-4.0.1.tgz#a5c6d532be656e23db820efb943a1f04998d63af"

